
Microsoft Visual Studio Solution File, Format Version 12.00
# Visual Studio Version 17
VisualStudioVersion = 17.10.35004.147
MinimumVisualStudioVersion = 10.0.40219.1
Project("{8BC9CEB8-8B4A-11D0-8D11-00A0C91BC942}") = "FlowerShop", "FlowerShop\FlowerShop.vcxproj", "{534A3C7E-F1A4-48B3-A09C-812731D79088}"
EndProject
Global
	GlobalSection(SolutionConfigurationPlatforms) = preSolution
		Debug|x64 = Debug|x64
		Debug|x86 = Debug|x86
		Release|x64 = Release|x64
		Release|x86 = Release|x86
	EndGlobalSection
	GlobalSection(ProjectConfigurationPlatforms) = postSolution
		{534A3C7E-F1A4-48B3-A09C-812731D79088}.Debug|x64.ActiveCfg = Debug|x64
		{534A3C7E-F1A4-48B3-A09C-812731D79088}.Debug|x64.Build.0 = Debug|x64
		{534A3C7E-F1A4-48B3-A09C-812731D79088}.Debug|x86.ActiveCfg = Debug|Win32
		{534A3C7E-F1A4-48B3-A09C-812731D79088}.Debug|x86.Build.0 = Debug|Win32
		{534A3C7E-F1A4-48B3-A09C-812731D79088}.Release|x64.ActiveCfg = Release|x64
		{534A3C7E-F1A4-48B3-A09C-812731D79088}.Release|x64.Build.0 = Release|x64
		{534A3C7E-F1A4-48B3-A09C-812731D79088}.Release|x86.ActiveCfg = Release|Win32
		{534A3C7E-F1A4-48B3-A09C-812731D79088}.Release|x86.Build.0 = Release|Win32
	EndGlobalSection
	GlobalSection(SolutionProperties) = preSolution
		HideSolutionNode = FALSE
	EndGlobalSection
	GlobalSection(ExtensibilityGlobals) = postSolution
		SolutionGuid = {7159392A-3F49-43D8-A0E3-8596FC78E3EC}
	EndGlobalSection
EndGlobal
